// !$*UTF8*$!
{
	archiveVersion = 1;
	classes = {
	};
	objectVersion = 50;
	objects = {

/* Begin PBXBuildFile section */
		5776D4AC2099408200F1399E /* State.swift in Sources */ = {isa = PBXBuildFile; fileRef = 5776D4AB2099408200F1399E /* State.swift */; };
		57E85E8F2091DA4600CEEFE7 /* AppDelegate.swift in Sources */ = {isa = PBXBuildFile; fileRef = 57E85E8E2091DA4600CEEFE7 /* AppDelegate.swift */; };
		57E85E912091DA4600CEEFE7 /* BlueViewController.swift in Sources */ = {isa = PBXBuildFile; fileRef = 57E85E902091DA4600CEEFE7 /* BlueViewController.swift */; };
		57E85E962091DA4800CEEFE7 /* Assets.xcassets in Resources */ = {isa = PBXBuildFile; fileRef = 57E85E952091DA4800CEEFE7 /* Assets.xcassets */; };
		57E85E992091DA4800CEEFE7 /* LaunchScreen.storyboard in Resources */ = {isa = PBXBuildFile; fileRef = 57E85E972091DA4800CEEFE7 /* LaunchScreen.storyboard */; };
		57E85EA12091DAB500CEEFE7 /* GreenViewController.swift in Sources */ = {isa = PBXBuildFile; fileRef = 57E85EA02091DAB500CEEFE7 /* GreenViewController.swift */; };
		57E85EA32091DD1900CEEFE7 /* BaseViewController.swift in Sources */ = {isa = PBXBuildFile; fileRef = 57E85EA22091DD1900CEEFE7 /* BaseViewController.swift */; };
		57E85EA52091DDB200CEEFE7 /* RedViewController.swift in Sources */ = {isa = PBXBuildFile; fileRef = 57E85EA42091DDB200CEEFE7 /* RedViewController.swift */; };
		57E85EA72091E8E000CEEFE7 /* Flow.swift in Sources */ = {isa = PBXBuildFile; fileRef = 57E85EA62091E8E000CEEFE7 /* Flow.swift */; };
		57E85EA920920F2B00CEEFE7 /* Router.swift in Sources */ = {isa = PBXBuildFile; fileRef = 57E85EA820920F2B00CEEFE7 /* Router.swift */; };
		57E85EAD209334AD00CEEFE7 /* Steps.swift in Sources */ = {isa = PBXBuildFile; fileRef = 57E85EAC209334AD00CEEFE7 /* Steps.swift */; };
/* End PBXBuildFile section */

/* Begin PBXFileReference section */
		5776D4AB2099408200F1399E /* State.swift */ = {isa = PBXFileReference; lastKnownFileType = sourcecode.swift; path = State.swift; sourceTree = "<group>"; };
		57E85E8B2091DA4600CEEFE7 /* Reducing Reducer.app */ = {isa = PBXFileReference; explicitFileType = wrapper.application; includeInIndex = 0; path = "Reducing Reducer.app"; sourceTree = BUILT_PRODUCTS_DIR; };
		57E85E8E2091DA4600CEEFE7 /* AppDelegate.swift */ = {isa = PBXFileReference; lastKnownFileType = sourcecode.swift; path = AppDelegate.swift; sourceTree = "<group>"; };
		57E85E902091DA4600CEEFE7 /* BlueViewController.swift */ = {isa = PBXFileReference; lastKnownFileType = sourcecode.swift; path = BlueViewController.swift; sourceTree = "<group>"; };
		57E85E952091DA4800CEEFE7 /* Assets.xcassets */ = {isa = PBXFileReference; lastKnownFileType = folder.assetcatalog; path = Assets.xcassets; sourceTree = "<group>"; };
		57E85E982091DA4800CEEFE7 /* Base */ = {isa = PBXFileReference; lastKnownFileType = file.storyboard; name = Base; path = Base.lproj/LaunchScreen.storyboard; sourceTree = "<group>"; };
		57E85E9A2091DA4800CEEFE7 /* Info.plist */ = {isa = PBXFileReference; lastKnownFileType = text.plist.xml; path = Info.plist; sourceTree = "<group>"; };
		57E85EA02091DAB500CEEFE7 /* GreenViewController.swift */ = {isa = PBXFileReference; lastKnownFileType = sourcecode.swift; path = GreenViewController.swift; sourceTree = "<group>"; };
		57E85EA22091DD1900CEEFE7 /* BaseViewController.swift */ = {isa = PBXFileReference; lastKnownFileType = sourcecode.swift; path = BaseViewController.swift; sourceTree = "<group>"; };
		57E85EA42091DDB200CEEFE7 /* RedViewController.swift */ = {isa = PBXFileReference; lastKnownFileType = sourcecode.swift; path = RedViewController.swift; sourceTree = "<group>"; };
		57E85EA62091E8E000CEEFE7 /* Flow.swift */ = {isa = PBXFileReference; lastKnownFileType = sourcecode.swift; path = Flow.swift; sourceTree = "<group>"; };
		57E85EA820920F2B00CEEFE7 /* Router.swift */ = {isa = PBXFileReference; lastKnownFileType = sourcecode.swift; path = Router.swift; sourceTree = "<group>"; };
		57E85EAC209334AD00CEEFE7 /* Steps.swift */ = {isa = PBXFileReference; lastKnownFileType = sourcecode.swift; path = Steps.swift; sourceTree = "<group>"; };
/* End PBXFileReference section */

/* Begin PBXFrameworksBuildPhase section */
		57E85E882091DA4600CEEFE7 /* Frameworks */ = {
			isa = PBXFrameworksBuildPhase;
			buildActionMask = 2147483647;
			files = (
			);
			runOnlyForDeploymentPostprocessing = 0;
		};
/* End PBXFrameworksBuildPhase section */

/* Begin PBXGroup section */
		57E85E822091DA4600CEEFE7 = {
			isa = PBXGroup;
			children = (
				57E85E8D2091DA4600CEEFE7 /* Reducing Reducer */,
				57E85E8C2091DA4600CEEFE7 /* Products */,
			);
			sourceTree = "<group>";
		};
		57E85E8C2091DA4600CEEFE7 /* Products */ = {
			isa = PBXGroup;
			children = (
				57E85E8B2091DA4600CEEFE7 /* Reducing Reducer.app */,
			);
			name = Products;
			sourceTree = "<group>";
		};
		57E85E8D2091DA4600CEEFE7 /* Reducing Reducer */ = {
			isa = PBXGroup;
			children = (
				57E85EAB2093333300CEEFE7 /* Flow */,
				57E85EAA209332BD00CEEFE7 /* ViewControllers */,
				57E85E8E2091DA4600CEEFE7 /* AppDelegate.swift */,
				57E85E952091DA4800CEEFE7 /* Assets.xcassets */,
				57E85E9A2091DA4800CEEFE7 /* Info.plist */,
				57E85E972091DA4800CEEFE7 /* LaunchScreen.storyboard */,
			);
			path = "Reducing Reducer";
			sourceTree = "<group>";
		};
		57E85EAA209332BD00CEEFE7 /* ViewControllers */ = {
			isa = PBXGroup;
			children = (
				57E85EA22091DD1900CEEFE7 /* BaseViewController.swift */,
				57E85E902091DA4600CEEFE7 /* BlueViewController.swift */,
				57E85EA02091DAB500CEEFE7 /* GreenViewController.swift */,
				57E85EA42091DDB200CEEFE7 /* RedViewController.swift */,
			);
			path = ViewControllers;
			sourceTree = "<group>";
		};
		57E85EAB2093333300CEEFE7 /* Flow */ = {
			isa = PBXGroup;
			children = (
				57E85EA62091E8E000CEEFE7 /* Flow.swift */,
				57E85EA820920F2B00CEEFE7 /* Router.swift */,
				57E85EAC209334AD00CEEFE7 /* Steps.swift */,
				5776D4AB2099408200F1399E /* State.swift */,
			);
			path = Flow;
			sourceTree = "<group>";
		};
/* End PBXGroup section */

/* Begin PBXNativeTarget section */
		57E85E8A2091DA4600CEEFE7 /* Reducing Reducer */ = {
			isa = PBXNativeTarget;
			buildConfigurationList = 57E85E9D2091DA4800CEEFE7 /* Build configuration list for PBXNativeTarget "Reducing Reducer" */;
			buildPhases = (
				57E85E872091DA4600CEEFE7 /* Sources */,
				57E85E882091DA4600CEEFE7 /* Frameworks */,
				57E85E892091DA4600CEEFE7 /* Resources */,
			);
			buildRules = (
			);
			dependencies = (
			);
			name = "Reducing Reducer";
			productName = "Reducing Reducer";
			productReference = 57E85E8B2091DA4600CEEFE7 /* Reducing Reducer.app */;
			productType = "com.apple.product-type.application";
		};
/* End PBXNativeTarget section */

/* Begin PBXProject section */
		57E85E832091DA4600CEEFE7 /* Project object */ = {
			isa = PBXProject;
			attributes = {
				LastSwiftUpdateCheck = 0930;
				LastUpgradeCheck = 0930;
				ORGANIZATIONNAME = "TransferWise Ltd";
				TargetAttributes = {
					57E85E8A2091DA4600CEEFE7 = {
						CreatedOnToolsVersion = 9.3;
					};
				};
			};
			buildConfigurationList = 57E85E862091DA4600CEEFE7 /* Build configuration list for PBXProject "Reducing Reducer" */;
			compatibilityVersion = "Xcode 9.3";
			developmentRegion = en;
			hasScannedForEncodings = 0;
			knownRegions = (
				en,
				Base,
			);
			mainGroup = 57E85E822091DA4600CEEFE7;
			productRefGroup = 57E85E8C2091DA4600CEEFE7 /* Products */;
			projectDirPath = "";
			projectRoot = "";
			targets = (
				57E85E8A2091DA4600CEEFE7 /* Reducing Reducer */,
			);
		};
/* End PBXProject section */

/* Begin PBXResourcesBuildPhase section */
		57E85E892091DA4600CEEFE7 /* Resources */ = {
			isa = PBXResourcesBuildPhase;
			buildActionMask = 2147483647;
			files = (
				57E85E992091DA4800CEEFE7 /* LaunchScreen.storyboard in Resources */,
				57E85E962091DA4800CEEFE7 /* Assets.xcassets in Resources */,
			);
			runOnlyForDeploymentPostprocessing = 0;
		};
/* End PBXResourcesBuildPhase section */

/* Begin PBXSourcesBuildPhase section */
		57E85E872091DA4600CEEFE7 /* Sources */ = {
			isa = PBXSourcesBuildPhase;
			buildActionMask = 2147483647;
			files = (
				5776D4AC2099408200F1399E /* State.swift in Sources */,
				57E85EA52091DDB200CEEFE7 /* RedViewController.swift in Sources */,
				57E85EA12091DAB500CEEFE7 /* GreenViewController.swift in Sources */,
				57E85EA72091E8E000CEEFE7 /* Flow.swift in Sources */,
				57E85EA920920F2B00CEEFE7 /* Router.swift in Sources */,
				57E85EA32091DD1900CEEFE7 /* BaseViewController.swift in Sources */,
				57E85EAD209334AD00CEEFE7 /* Steps.swift in Sources */,
				57E85E912091DA4600CEEFE7 /* BlueViewController.swift in Sources */,
				57E85E8F2091DA4600CEEFE7 /* AppDelegate.swift in Sources */,
			);
			runOnlyForDeploymentPostprocessing = 0;
		};
/* End PBXSourcesBuildPhase section */

/* Begin PBXVariantGroup section */
		57E85E972091DA4800CEEFE7 /* LaunchScreen.storyboard */ = {
			isa = PBXVariantGroup;
			children = (
				57E85E982091DA4800CEEFE7 /* Base */,
			);
			name = LaunchScreen.storyboard;
			sourceTree = "<group>";
		};
/* End PBXVariantGroup section */

/* Begin XCBuildConfiguration section */
		57E85E9B2091DA4800CEEFE7 /* Debug */ = {
			isa = XCBuildConfiguration;
			buildSettings = {
				ALWAYS_SEARCH_USER_PATHS = NO;
				CLANG_ANALYZER_NONNULL = YES;
				CLANG_ANALYZER_NUMBER_OBJECT_CONVERSION = YES_AGGRESSIVE;
				CLANG_CXX_LANGUAGE_STANDARD = "gnu++14";
				CLANG_CXX_LIBRARY = "libc++";
				CLANG_ENABLE_MODULES = YES;
				CLANG_ENABLE_OBJC_ARC = YES;
				CLANG_ENABLE_OBJC_WEAK = YES;
				CLANG_WARN_BLOCK_CAPTURE_AUTORELEASING = YES;
				CLANG_WARN_BOOL_CONVERSION = YES;
				CLANG_WARN_COMMA = YES;
				CLANG_WARN_CONSTANT_CONVERSION = YES;
				CLANG_WARN_DEPRECATED_OBJC_IMPLEMENTATIONS = YES;
				CLANG_WARN_DIRECT_OBJC_ISA_USAGE = YES_ERROR;
				CLANG_WARN_DOCUMENTATION_COMMENTS = YES;
				CLANG_WARN_EMPTY_BODY = YES;
				CLANG_WARN_ENUM_CONVERSION = YES;
				CLANG_WARN_INFINITE_RECURSION = YES;
				CLANG_WARN_INT_CONVERSION = YES;
				CLANG_WARN_NON_LITERAL_NULL_CONVERSION = YES;
				CLANG_WARN_OBJC_IMPLICIT_RETAIN_SELF = YES;
				CLANG_WARN_OBJC_LITERAL_CONVERSION = YES;
				CLANG_WARN_OBJC_ROOT_CLASS = YES_ERROR;
				CLANG_WARN_RANGE_LOOP_ANALYSIS = YES;
				CLANG_WARN_STRICT_PROTOTYPES = YES;
				CLANG_WARN_SUSPICIOUS_MOVE = YES;
				CLANG_WARN_UNGUARDED_AVAILABILITY = YES_AGGRESSIVE;
				CLANG_WARN_UNREACHABLE_CODE = YES;
				CLANG_WARN__DUPLICATE_METHOD_MATCH = YES;
				CODE_SIGN_IDENTITY = "iPhone Developer";
				COPY_PHASE_STRIP = NO;
				DEBUG_INFORMATION_FORMAT = dwarf;
				ENABLE_STRICT_OBJC_MSGSEND = YES;
				ENABLE_TESTABILITY = YES;
				GCC_C_LANGUAGE_STANDARD = gnu11;
				GCC_DYNAMIC_NO_PIC = NO;
				GCC_NO_COMMON_BLOCKS = YES;
				GCC_OPTIMIZATION_LEVEL = 0;
				GCC_PREPROCESSOR_DEFINITIONS = (
					"DEBUG=1",
					"$(inherited)",
				);
				GCC_WARN_64_TO_32_BIT_CONVERSION = YES;
				GCC_WARN_ABOUT_RETURN_TYPE = YES_ERROR;
				GCC_WARN_UNDECLARED_SELECTOR = YES;
				GCC_WARN_UNINITIALIZED_AUTOS = YES_AGGRESSIVE;
				GCC_WARN_UNUSED_FUNCTION = YES;
				GCC_WARN_UNUSED_VARIABLE = YES;
				IPHONEOS_DEPLOYMENT_TARGET = 11.3;
				MTL_ENABLE_DEBUG_INFO = YES;
				ONLY_ACTIVE_ARCH = YES;
				SDKROOT = iphoneos;
				SWIFT_ACTIVE_COMPILATION_CONDITIONS = DEBUG;
				SWIFT_OPTIMIZATION_LEVEL = "-Onone";
			};
			name = Debug;
		};
		57E85E9C2091DA4800CEEFE7 /* Release */ = {
			isa = XCBuildConfiguration;
			buildSettings = {
				ALWAYS_SEARCH_USER_PATHS = NO;
				CLANG_ANALYZER_NONNULL = YES;
				CLANG_ANALYZER_NUMBER_OBJECT_CONVERSION = YES_AGGRESSIVE;
				CLANG_CXX_LANGUAGE_STANDARD = "gnu++14";
				CLANG_CXX_LIBRARY = "libc++";
				CLANG_ENABLE_MODULES = YES;
				CLANG_ENABLE_OBJC_ARC = YES;
				CLANG_ENABLE_OBJC_WEAK = YES;
				CLANG_WARN_BLOCK_CAPTURE_AUTORELEASING = YES;
				CLANG_WARN_BOOL_CONVERSION = YES;
				CLANG_WARN_COMMA = YES;
				CLANG_WARN_CONSTANT_CONVERSION = YES;
				CLANG_WARN_DEPRECATED_OBJC_IMPLEMENTATIONS = YES;
				CLANG_WARN_DIRECT_OBJC_ISA_USAGE = YES_ERROR;
				CLANG_WARN_DOCUMENTATION_COMMENTS = YES;
				CLANG_WARN_EMPTY_BODY = YES;
				CLANG_WARN_ENUM_CONVERSION = YES;
				CLANG_WARN_INFINITE_RECURSION = YES;
				CLANG_WARN_INT_CONVERSION = YES;
				CLANG_WARN_NON_LITERAL_NULL_CONVERSION = YES;
				CLANG_WARN_OBJC_IMPLICIT_RETAIN_SELF = YES;
				CLANG_WARN_OBJC_LITERAL_CONVERSION = YES;
				CLANG_WARN_OBJC_ROOT_CLASS = YES_ERROR;
				CLANG_WARN_RANGE_LOOP_ANALYSIS = YES;
				CLANG_WARN_STRICT_PROTOTYPES = YES;
				CLANG_WARN_SUSPICIOUS_MOVE = YES;
				CLANG_WARN_UNGUARDED_AVAILABILITY = YES_AGGRESSIVE;
				CLANG_WARN_UNREACHABLE_CODE = YES;
				CLANG_WARN__DUPLICATE_METHOD_MATCH = YES;
				CODE_SIGN_IDENTITY = "iPhone Developer";
				COPY_PHASE_STRIP = NO;
				DEBUG_INFORMATION_FORMAT = "dwarf-with-dsym";
				ENABLE_NS_ASSERTIONS = NO;
				ENABLE_STRICT_OBJC_MSGSEND = YES;
				GCC_C_LANGUAGE_STANDARD = gnu11;
				GCC_NO_COMMON_BLOCKS = YES;
				GCC_WARN_64_TO_32_BIT_CONVERSION = YES;
				GCC_WARN_ABOUT_RETURN_TYPE = YES_ERROR;
				GCC_WARN_UNDECLARED_SELECTOR = YES;
				GCC_WARN_UNINITIALIZED_AUTOS = YES_AGGRESSIVE;
				GCC_WARN_UNUSED_FUNCTION = YES;
				GCC_WARN_UNUSED_VARIABLE = YES;
				IPHONEOS_DEPLOYMENT_TARGET = 11.3;
				MTL_ENABLE_DEBUG_INFO = NO;
				SDKROOT = iphoneos;
				SWIFT_COMPILATION_MODE = wholemodule;
				SWIFT_OPTIMIZATION_LEVEL = "-O";
				VALIDATE_PRODUCT = YES;
			};
			name = Release;
		};
		57E85E9E2091DA4800CEEFE7 /* Debug */ = {
			isa = XCBuildConfiguration;
			buildSettings = {
				ASSETCATALOG_COMPILER_APPICON_NAME = AppIcon;
				CODE_SIGN_STYLE = Automatic;
				DEVELOPMENT_TEAM = W53MTDV45J;
				INFOPLIST_FILE = "Reducing Reducer/Info.plist";
				LD_RUNPATH_SEARCH_PATHS = (
					"$(inherited)",
					"@executable_path/Frameworks",
				);
				PRODUCT_BUNDLE_IDENTIFIER = "com.transferwise.Reducing-Reducer";
				PRODUCT_NAME = "$(TARGET_NAME)";
				SWIFT_VERSION = 4.0;
				TARGETED_DEVICE_FAMILY = "1,2";
			};
			name = Debug;
		};
		57E85E9F2091DA4800CEEFE7 /* Release */ = {
			isa = XCBuildConfiguration;
			buildSettings = {
				ASSETCATALOG_COMPILER_APPICON_NAME = AppIcon;
				CODE_SIGN_STYLE = Automatic;
				DEVELOPMENT_TEAM = W53MTDV45J;
				INFOPLIST_FILE = "Reducing Reducer/Info.plist";
				LD_RUNPATH_SEARCH_PATHS = (
					"$(inherited)",
					"@executable_path/Frameworks",
				);
				PRODUCT_BUNDLE_IDENTIFIER = "com.transferwise.Reducing-Reducer";
				PRODUCT_NAME = "$(TARGET_NAME)";
				SWIFT_VERSION = 4.0;
				TARGETED_DEVICE_FAMILY = "1,2";
			};
			name = Release;
		};
/* End XCBuildConfiguration section */

/* Begin XCConfigurationList section */
		57E85E862091DA4600CEEFE7 /* Build configuration list for PBXProject "Reducing Reducer" */ = {
			isa = XCConfigurationList;
			buildConfigurations = (
				57E85E9B2091DA4800CEEFE7 /* Debug */,
				57E85E9C2091DA4800CEEFE7 /* Release */,
			);
			defaultConfigurationIsVisible = 0;
			defaultConfigurationName = Release;
		};
		57E85E9D2091DA4800CEEFE7 /* Build configuration list for PBXNativeTarget "Reducing Reducer" */ = {
			isa = XCConfigurationList;
			buildConfigurations = (
				57E85E9E2091DA4800CEEFE7 /* Debug */,
				57E85E9F2091DA4800CEEFE7 /* Release */,
			);
			defaultConfigurationIsVisible = 0;
			defaultConfigurationName = Release;
		};
/* End XCConfigurationList section */
	};
	rootObject = 57E85E832091DA4600CEEFE7 /* Project object */;
}
